// !$*UTF8*$!
{
	archiveVersion = 1;
	classes = {
	};
	objectVersion = 50;
	objects = {

/* Begin PBXBuildFile section */
		848E333220A9D626003E82C6 /* AppDelegate.swift in Sources */ = {isa = PBXBuildFile; fileRef = 848E333120A9D626003E82C6 /* AppDelegate.swift */; };
		848E333420A9D626003E82C6 /* ViewController.swift in Sources */ = {isa = PBXBuildFile; fileRef = 848E333320A9D626003E82C6 /* ViewController.swift */; };
		848E333720A9D626003E82C6 /* Main.storyboard in Resources */ = {isa = PBXBuildFile; fileRef = 848E333520A9D626003E82C6 /* Main.storyboard */; };
		848E333A20A9D626003E82C6 /* DishwasherApp.xcdatamodeld in Sources */ = {isa = PBXBuildFile; fileRef = 848E333820A9D626003E82C6 /* DishwasherApp.xcdatamodeld */; };
		848E333C20A9D627003E82C6 /* Assets.xcassets in Resources */ = {isa = PBXBuildFile; fileRef = 848E333B20A9D627003E82C6 /* Assets.xcassets */; };
		848E333F20A9D627003E82C6 /* LaunchScreen.storyboard in Resources */ = {isa = PBXBuildFile; fileRef = 848E333D20A9D627003E82C6 /* LaunchScreen.storyboard */; };
		848E334A20A9D627003E82C6 /* DishwasherAppTests.swift in Sources */ = {isa = PBXBuildFile; fileRef = 848E334920A9D627003E82C6 /* DishwasherAppTests.swift */; };
		848E335520A9D627003E82C6 /* DishwasherAppUITests.swift in Sources */ = {isa = PBXBuildFile; fileRef = 848E335420A9D627003E82C6 /* DishwasherAppUITests.swift */; };
		848E336820A9DF5F003E82C6 /* Dishwasher.swift in Sources */ = {isa = PBXBuildFile; fileRef = 848E336720A9DF5F003E82C6 /* Dishwasher.swift */; };
		848E336A20A9E0C6003E82C6 /* ProductService.swift in Sources */ = {isa = PBXBuildFile; fileRef = 848E336920A9E0C6003E82C6 /* ProductService.swift */; };
		848E336C20A9EE60003E82C6 /* DishwasherCollectionViewCell.swift in Sources */ = {isa = PBXBuildFile; fileRef = 848E336B20A9EE60003E82C6 /* DishwasherCollectionViewCell.swift */; };
/* End PBXBuildFile section */

/* Begin PBXContainerItemProxy section */
		848E334620A9D627003E82C6 /* PBXContainerItemProxy */ = {
			isa = PBXContainerItemProxy;
			containerPortal = 848E332620A9D626003E82C6 /* Project object */;
			proxyType = 1;
			remoteGlobalIDString = 848E332D20A9D626003E82C6;
			remoteInfo = DishwasherApp;
		};
		848E335120A9D627003E82C6 /* PBXContainerItemProxy */ = {
			isa = PBXContainerItemProxy;
			containerPortal = 848E332620A9D626003E82C6 /* Project object */;
			proxyType = 1;
			remoteGlobalIDString = 848E332D20A9D626003E82C6;
			remoteInfo = DishwasherApp;
		};
/* End PBXContainerItemProxy section */

/* Begin PBXFileReference section */
		848E332E20A9D626003E82C6 /* DishwasherApp.app */ = {isa = PBXFileReference; explicitFileType = wrapper.application; includeInIndex = 0; path = DishwasherApp.app; sourceTree = BUILT_PRODUCTS_DIR; };
		848E333120A9D626003E82C6 /* AppDelegate.swift */ = {isa = PBXFileReference; lastKnownFileType = sourcecode.swift; path = AppDelegate.swift; sourceTree = "<group>"; };
		848E333320A9D626003E82C6 /* ViewController.swift */ = {isa = PBXFileReference; lastKnownFileType = sourcecode.swift; path = ViewController.swift; sourceTree = "<group>"; };
		848E333620A9D626003E82C6 /* Base */ = {isa = PBXFileReference; lastKnownFileType = file.storyboard; name = Base; path = Base.lproj/Main.storyboard; sourceTree = "<group>"; };
		848E333920A9D626003E82C6 /* DishwasherApp.xcdatamodel */ = {isa = PBXFileReference; lastKnownFileType = wrapper.xcdatamodel; path = DishwasherApp.xcdatamodel; sourceTree = "<group>"; };
		848E333B20A9D627003E82C6 /* Assets.xcassets */ = {isa = PBXFileReference; lastKnownFileType = folder.assetcatalog; path = Assets.xcassets; sourceTree = "<group>"; };
		848E333E20A9D627003E82C6 /* Base */ = {isa = PBXFileReference; lastKnownFileType = file.storyboard; name = Base; path = Base.lproj/LaunchScreen.storyboard; sourceTree = "<group>"; };
		848E334020A9D627003E82C6 /* Info.plist */ = {isa = PBXFileReference; lastKnownFileType = text.plist.xml; path = Info.plist; sourceTree = "<group>"; };
		848E334520A9D627003E82C6 /* DishwasherAppTests.xctest */ = {isa = PBXFileReference; explicitFileType = wrapper.cfbundle; includeInIndex = 0; path = DishwasherAppTests.xctest; sourceTree = BUILT_PRODUCTS_DIR; };
		848E334920A9D627003E82C6 /* DishwasherAppTests.swift */ = {isa = PBXFileReference; lastKnownFileType = sourcecode.swift; path = DishwasherAppTests.swift; sourceTree = "<group>"; };
		848E334B20A9D627003E82C6 /* Info.plist */ = {isa = PBXFileReference; lastKnownFileType = text.plist.xml; path = Info.plist; sourceTree = "<group>"; };
		848E335020A9D627003E82C6 /* DishwasherAppUITests.xctest */ = {isa = PBXFileReference; explicitFileType = wrapper.cfbundle; includeInIndex = 0; path = DishwasherAppUITests.xctest; sourceTree = BUILT_PRODUCTS_DIR; };
		848E335420A9D627003E82C6 /* DishwasherAppUITests.swift */ = {isa = PBXFileReference; lastKnownFileType = sourcecode.swift; path = DishwasherAppUITests.swift; sourceTree = "<group>"; };
		848E335620A9D627003E82C6 /* Info.plist */ = {isa = PBXFileReference; lastKnownFileType = text.plist.xml; path = Info.plist; sourceTree = "<group>"; };
		848E336720A9DF5F003E82C6 /* Dishwasher.swift */ = {isa = PBXFileReference; lastKnownFileType = sourcecode.swift; path = Dishwasher.swift; sourceTree = "<group>"; };
		848E336920A9E0C6003E82C6 /* ProductService.swift */ = {isa = PBXFileReference; lastKnownFileType = sourcecode.swift; path = ProductService.swift; sourceTree = "<group>"; };
		848E336B20A9EE60003E82C6 /* DishwasherCollectionViewCell.swift */ = {isa = PBXFileReference; lastKnownFileType = sourcecode.swift; path = DishwasherCollectionViewCell.swift; sourceTree = "<group>"; };
/* End PBXFileReference section */

/* Begin PBXFrameworksBuildPhase section */
		848E332B20A9D626003E82C6 /* Frameworks */ = {
			isa = PBXFrameworksBuildPhase;
			buildActionMask = 2147483647;
			files = (
			);
			runOnlyForDeploymentPostprocessing = 0;
		};
		848E334220A9D627003E82C6 /* Frameworks */ = {
			isa = PBXFrameworksBuildPhase;
			buildActionMask = 2147483647;
			files = (
			);
			runOnlyForDeploymentPostprocessing = 0;
		};
		848E334D20A9D627003E82C6 /* Frameworks */ = {
			isa = PBXFrameworksBuildPhase;
			buildActionMask = 2147483647;
			files = (
			);
			runOnlyForDeploymentPostprocessing = 0;
		};
/* End PBXFrameworksBuildPhase section */

/* Begin PBXGroup section */
		848E332520A9D626003E82C6 = {
			isa = PBXGroup;
			children = (
				848E333020A9D626003E82C6 /* DishwasherApp */,
				848E334820A9D627003E82C6 /* DishwasherAppTests */,
				848E335320A9D627003E82C6 /* DishwasherAppUITests */,
				848E332F20A9D626003E82C6 /* Products */,
			);
			sourceTree = "<group>";
		};
		848E332F20A9D626003E82C6 /* Products */ = {
			isa = PBXGroup;
			children = (
				848E332E20A9D626003E82C6 /* DishwasherApp.app */,
				848E334520A9D627003E82C6 /* DishwasherAppTests.xctest */,
				848E335020A9D627003E82C6 /* DishwasherAppUITests.xctest */,
			);
			name = Products;
			sourceTree = "<group>";
		};
		848E333020A9D626003E82C6 /* DishwasherApp */ = {
			isa = PBXGroup;
			children = (
				848E336420A9D63D003E82C6 /* Model */,
				848E336320A9D639003E82C6 /* View */,
				848E336220A9D631003E82C6 /* Controller */,
				848E336520A9D642003E82C6 /* Service */,
				848E334020A9D627003E82C6 /* Info.plist */,
			);
			path = DishwasherApp;
			sourceTree = "<group>";
		};
		848E334820A9D627003E82C6 /* DishwasherAppTests */ = {
			isa = PBXGroup;
			children = (
				848E334920A9D627003E82C6 /* DishwasherAppTests.swift */,
				848E334B20A9D627003E82C6 /* Info.plist */,
			);
			path = DishwasherAppTests;
			sourceTree = "<group>";
		};
		848E335320A9D627003E82C6 /* DishwasherAppUITests */ = {
			isa = PBXGroup;
			children = (
				848E335420A9D627003E82C6 /* DishwasherAppUITests.swift */,
				848E335620A9D627003E82C6 /* Info.plist */,
			);
			path = DishwasherAppUITests;
			sourceTree = "<group>";
		};
		848E336220A9D631003E82C6 /* Controller */ = {
			isa = PBXGroup;
			children = (
				848E333320A9D626003E82C6 /* ViewController.swift */,
			);
			path = Controller;
			sourceTree = "<group>";
		};
		848E336320A9D639003E82C6 /* View */ = {
			isa = PBXGroup;
			children = (
				848E333520A9D626003E82C6 /* Main.storyboard */,
				848E336B20A9EE60003E82C6 /* DishwasherCollectionViewCell.swift */,
				848E333B20A9D627003E82C6 /* Assets.xcassets */,
			);
			path = View;
			sourceTree = "<group>";
		};
		848E336420A9D63D003E82C6 /* Model */ = {
			isa = PBXGroup;
			children = (
				848E333820A9D626003E82C6 /* DishwasherApp.xcdatamodeld */,
				848E336720A9DF5F003E82C6 /* Dishwasher.swift */,
			);
			path = Model;
			sourceTree = "<group>";
		};
		848E336520A9D642003E82C6 /* Service */ = {
			isa = PBXGroup;
			children = (
				848E336920A9E0C6003E82C6 /* ProductService.swift */,
				848E333120A9D626003E82C6 /* AppDelegate.swift */,
				848E333D20A9D627003E82C6 /* LaunchScreen.storyboard */,
			);
			path = Service;
			sourceTree = "<group>";
		};
/* End PBXGroup section */

/* Begin PBXNativeTarget section */
		848E332D20A9D626003E82C6 /* DishwasherApp */ = {
			isa = PBXNativeTarget;
			buildConfigurationList = 848E335920A9D627003E82C6 /* Build configuration list for PBXNativeTarget "DishwasherApp" */;
			buildPhases = (
				848E332A20A9D626003E82C6 /* Sources */,
				848E332B20A9D626003E82C6 /* Frameworks */,
				848E332C20A9D626003E82C6 /* Resources */,
			);
			buildRules = (
			);
			dependencies = (
			);
			name = DishwasherApp;
			productName = DishwasherApp;
			productReference = 848E332E20A9D626003E82C6 /* DishwasherApp.app */;
			productType = "com.apple.product-type.application";
		};
		848E334420A9D627003E82C6 /* DishwasherAppTests */ = {
			isa = PBXNativeTarget;
			buildConfigurationList = 848E335C20A9D627003E82C6 /* Build configuration list for PBXNativeTarget "DishwasherAppTests" */;
			buildPhases = (
				848E334120A9D627003E82C6 /* Sources */,
				848E334220A9D627003E82C6 /* Frameworks */,
				848E334320A9D627003E82C6 /* Resources */,
			);
			buildRules = (
			);
			dependencies = (
				848E334720A9D627003E82C6 /* PBXTargetDependency */,
			);
			name = DishwasherAppTests;
			productName = DishwasherAppTests;
			productReference = 848E334520A9D627003E82C6 /* DishwasherAppTests.xctest */;
			productType = "com.apple.product-type.bundle.unit-test";
		};
		848E334F20A9D627003E82C6 /* DishwasherAppUITests */ = {
			isa = PBXNativeTarget;
			buildConfigurationList = 848E335F20A9D627003E82C6 /* Build configuration list for PBXNativeTarget "DishwasherAppUITests" */;
			buildPhases = (
				848E334C20A9D627003E82C6 /* Sources */,
				848E334D20A9D627003E82C6 /* Frameworks */,
				848E334E20A9D627003E82C6 /* Resources */,
			);
			buildRules = (
			);
			dependencies = (
				848E335220A9D627003E82C6 /* PBXTargetDependency */,
			);
			name = DishwasherAppUITests;
			productName = DishwasherAppUITests;
			productReference = 848E335020A9D627003E82C6 /* DishwasherAppUITests.xctest */;
			productType = "com.apple.product-type.bundle.ui-testing";
		};
/* End PBXNativeTarget section */

/* Begin PBXProject section */
		848E332620A9D626003E82C6 /* Project object */ = {
			isa = PBXProject;
			attributes = {
				LastSwiftUpdateCheck = 0930;
				LastUpgradeCheck = 0930;
				ORGANIZATIONNAME = mobileappscompany;
				TargetAttributes = {
					848E332D20A9D626003E82C6 = {
						CreatedOnToolsVersion = 9.3;
					};
					848E334420A9D627003E82C6 = {
						CreatedOnToolsVersion = 9.3;
						TestTargetID = 848E332D20A9D626003E82C6;
					};
					848E334F20A9D627003E82C6 = {
						CreatedOnToolsVersion = 9.3;
						TestTargetID = 848E332D20A9D626003E82C6;
					};
				};
			};
			buildConfigurationList = 848E332920A9D626003E82C6 /* Build configuration list for PBXProject "DishwasherApp" */;
			compatibilityVersion = "Xcode 9.3";
			developmentRegion = en;
			hasScannedForEncodings = 0;
			knownRegions = (
				en,
				Base,
			);
			mainGroup = 848E332520A9D626003E82C6;
			productRefGroup = 848E332F20A9D626003E82C6 /* Products */;
			projectDirPath = "";
			projectRoot = "";
			targets = (
				848E332D20A9D626003E82C6 /* DishwasherApp */,
				848E334420A9D627003E82C6 /* DishwasherAppTests */,
				848E334F20A9D627003E82C6 /* DishwasherAppUITests */,
			);
		};
/* End PBXProject section */

/* Begin PBXResourcesBuildPhase section */
		848E332C20A9D626003E82C6 /* Resources */ = {
			isa = PBXResourcesBuildPhase;
			buildActionMask = 2147483647;
			files = (
				848E333F20A9D627003E82C6 /* LaunchScreen.storyboard in Resources */,
				848E333C20A9D627003E82C6 /* Assets.xcassets in Resources */,
				848E333720A9D626003E82C6 /* Main.storyboard in Resources */,
			);
			runOnlyForDeploymentPostprocessing = 0;
		};
		848E334320A9D627003E82C6 /* Resources */ = {
			isa = PBXResourcesBuildPhase;
			buildActionMask = 2147483647;
			files = (
			);
			runOnlyForDeploymentPostprocessing = 0;
		};
		848E334E20A9D627003E82C6 /* Resources */ = {
			isa = PBXResourcesBuildPhase;
			buildActionMask = 2147483647;
			files = (
			);
			runOnlyForDeploymentPostprocessing = 0;
		};
/* End PBXResourcesBuildPhase section */

/* Begin PBXSourcesBuildPhase section */
		848E332A20A9D626003E82C6 /* Sources */ = {
			isa = PBXSourcesBuildPhase;
			buildActionMask = 2147483647;
			files = (
				848E333420A9D626003E82C6 /* ViewController.swift in Sources */,
				848E336820A9DF5F003E82C6 /* Dishwasher.swift in Sources */,
				848E336C20A9EE60003E82C6 /* DishwasherCollectionViewCell.swift in Sources */,
				848E333220A9D626003E82C6 /* AppDelegate.swift in Sources */,
				848E333A20A9D626003E82C6 /* DishwasherApp.xcdatamodeld in Sources */,
				848E336A20A9E0C6003E82C6 /* ProductService.swift in Sources */,
			);
			runOnlyForDeploymentPostprocessing = 0;
		};
		848E334120A9D627003E82C6 /* Sources */ = {
			isa = PBXSourcesBuildPhase;
			buildActionMask = 2147483647;
			files = (
				848E334A20A9D627003E82C6 /* DishwasherAppTests.swift in Sources */,
			);
			runOnlyForDeploymentPostprocessing = 0;
		};
		848E334C20A9D627003E82C6 /* Sources */ = {
			isa = PBXSourcesBuildPhase;
			buildActionMask = 2147483647;
			files = (
				848E335520A9D627003E82C6 /* DishwasherAppUITests.swift in Sources */,
			);
			runOnlyForDeploymentPostprocessing = 0;
		};
/* End PBXSourcesBuildPhase section */

/* Begin PBXTargetDependency section */
		848E334720A9D627003E82C6 /* PBXTargetDependency */ = {
			isa = PBXTargetDependency;
			target = 848E332D20A9D626003E82C6 /* DishwasherApp */;
			targetProxy = 848E334620A9D627003E82C6 /* PBXContainerItemProxy */;
		};
		848E335220A9D627003E82C6 /* PBXTargetDependency */ = {
			isa = PBXTargetDependency;
			target = 848E332D20A9D626003E82C6 /* DishwasherApp */;
			targetProxy = 848E335120A9D627003E82C6 /* PBXContainerItemProxy */;
		};
/* End PBXTargetDependency section */

/* Begin PBXVariantGroup section */
		848E333520A9D626003E82C6 /* Main.storyboard */ = {
			isa = PBXVariantGroup;
			children = (
				848E333620A9D626003E82C6 /* Base */,
			);
			name = Main.storyboard;
			sourceTree = "<group>";
		};
		848E333D20A9D627003E82C6 /* LaunchScreen.storyboard */ = {
			isa = PBXVariantGroup;
			children = (
				848E333E20A9D627003E82C6 /* Base */,
			);
			name = LaunchScreen.storyboard;
			sourceTree = "<group>";
		};
/* End PBXVariantGroup section */

/* Begin XCBuildConfiguration section */
		848E335720A9D627003E82C6 /* Debug */ = {
			isa = XCBuildConfiguration;
			buildSettings = {
				ALWAYS_SEARCH_USER_PATHS = NO;
				CLANG_ANALYZER_NONNULL = YES;
				CLANG_ANALYZER_NUMBER_OBJECT_CONVERSION = YES_AGGRESSIVE;
				CLANG_CXX_LANGUAGE_STANDARD = "gnu++14";
				CLANG_CXX_LIBRARY = "libc++";
				CLANG_ENABLE_MODULES = YES;
				CLANG_ENABLE_OBJC_ARC = YES;
				CLANG_ENABLE_OBJC_WEAK = YES;
				CLANG_WARN_BLOCK_CAPTURE_AUTORELEASING = YES;
				CLANG_WARN_BOOL_CONVERSION = YES;
				CLANG_WARN_COMMA = YES;
				CLANG_WARN_CONSTANT_CONVERSION = YES;
				CLANG_WARN_DEPRECATED_OBJC_IMPLEMENTATIONS = YES;
				CLANG_WARN_DIRECT_OBJC_ISA_USAGE = YES_ERROR;
				CLANG_WARN_DOCUMENTATION_COMMENTS = YES;
				CLANG_WARN_EMPTY_BODY = YES;
				CLANG_WARN_ENUM_CONVERSION = YES;
				CLANG_WARN_INFINITE_RECURSION = YES;
				CLANG_WARN_INT_CONVERSION = YES;
				CLANG_WARN_NON_LITERAL_NULL_CONVERSION = YES;
				CLANG_WARN_OBJC_IMPLICIT_RETAIN_SELF = YES;
				CLANG_WARN_OBJC_LITERAL_CONVERSION = YES;
				CLANG_WARN_OBJC_ROOT_CLASS = YES_ERROR;
				CLANG_WARN_RANGE_LOOP_ANALYSIS = YES;
				CLANG_WARN_STRICT_PROTOTYPES = YES;
				CLANG_WARN_SUSPICIOUS_MOVE = YES;
				CLANG_WARN_UNGUARDED_AVAILABILITY = YES_AGGRESSIVE;
				CLANG_WARN_UNREACHABLE_CODE = YES;
				CLANG_WARN__DUPLICATE_METHOD_MATCH = YES;
				CODE_SIGN_IDENTITY = "iPhone Developer";
				COPY_PHASE_STRIP = NO;
				DEBUG_INFORMATION_FORMAT = dwarf;
				ENABLE_STRICT_OBJC_MSGSEND = YES;
				ENABLE_TESTABILITY = YES;
				GCC_C_LANGUAGE_STANDARD = gnu11;
				GCC_DYNAMIC_NO_PIC = NO;
				GCC_NO_COMMON_BLOCKS = YES;
				GCC_OPTIMIZATION_LEVEL = 0;
				GCC_PREPROCESSOR_DEFINITIONS = (
					"DEBUG=1",
					"$(inherited)",
				);
				GCC_WARN_64_TO_32_BIT_CONVERSION = YES;
				GCC_WARN_ABOUT_RETURN_TYPE = YES_ERROR;
				GCC_WARN_UNDECLARED_SELECTOR = YES;
				GCC_WARN_UNINITIALIZED_AUTOS = YES_AGGRESSIVE;
				GCC_WARN_UNUSED_FUNCTION = YES;
				GCC_WARN_UNUSED_VARIABLE = YES;
				IPHONEOS_DEPLOYMENT_TARGET = 11.3;
				MTL_ENABLE_DEBUG_INFO = YES;
				ONLY_ACTIVE_ARCH = YES;
				SDKROOT = iphoneos;
				SWIFT_ACTIVE_COMPILATION_CONDITIONS = DEBUG;
				SWIFT_OPTIMIZATION_LEVEL = "-Onone";
			};
			name = Debug;
		};
		848E335820A9D627003E82C6 /* Release */ = {
			isa = XCBuildConfiguration;
			buildSettings = {
				ALWAYS_SEARCH_USER_PATHS = NO;
				CLANG_ANALYZER_NONNULL = YES;
				CLANG_ANALYZER_NUMBER_OBJECT_CONVERSION = YES_AGGRESSIVE;
				CLANG_CXX_LANGUAGE_STANDARD = "gnu++14";
				CLANG_CXX_LIBRARY = "libc++";
				CLANG_ENABLE_MODULES = YES;
				CLANG_ENABLE_OBJC_ARC = YES;
				CLANG_ENABLE_OBJC_WEAK = YES;
				CLANG_WARN_BLOCK_CAPTURE_AUTORELEASING = YES;
				CLANG_WARN_BOOL_CONVERSION = YES;
				CLANG_WARN_COMMA = YES;
				CLANG_WARN_CONSTANT_CONVERSION = YES;
				CLANG_WARN_DEPRECATED_OBJC_IMPLEMENTATIONS = YES;
				CLANG_WARN_DIRECT_OBJC_ISA_USAGE = YES_ERROR;
				CLANG_WARN_DOCUMENTATION_COMMENTS = YES;
				CLANG_WARN_EMPTY_BODY = YES;
				CLANG_WARN_ENUM_CONVERSION = YES;
				CLANG_WARN_INFINITE_RECURSION = YES;
				CLANG_WARN_INT_CONVERSION = YES;
				CLANG_WARN_NON_LITERAL_NULL_CONVERSION = YES;
				CLANG_WARN_OBJC_IMPLICIT_RETAIN_SELF = YES;
				CLANG_WARN_OBJC_LITERAL_CONVERSION = YES;
				CLANG_WARN_OBJC_ROOT_CLASS = YES_ERROR;
				CLANG_WARN_RANGE_LOOP_ANALYSIS = YES;
				CLANG_WARN_STRICT_PROTOTYPES = YES;
				CLANG_WARN_SUSPICIOUS_MOVE = YES;
				CLANG_WARN_UNGUARDED_AVAILABILITY = YES_AGGRESSIVE;
				CLANG_WARN_UNREACHABLE_CODE = YES;
				CLANG_WARN__DUPLICATE_METHOD_MATCH = YES;
				CODE_SIGN_IDENTITY = "iPhone Developer";
				COPY_PHASE_STRIP = NO;
				DEBUG_INFORMATION_FORMAT = "dwarf-with-dsym";
				ENABLE_NS_ASSERTIONS = NO;
				ENABLE_STRICT_OBJC_MSGSEND = YES;
				GCC_C_LANGUAGE_STANDARD = gnu11;
				GCC_NO_COMMON_BLOCKS = YES;
				GCC_WARN_64_TO_32_BIT_CONVERSION = YES;
				GCC_WARN_ABOUT_RETURN_TYPE = YES_ERROR;
				GCC_WARN_UNDECLARED_SELECTOR = YES;
				GCC_WARN_UNINITIALIZED_AUTOS = YES_AGGRESSIVE;
				GCC_WARN_UNUSED_FUNCTION = YES;
				GCC_WARN_UNUSED_VARIABLE = YES;
				IPHONEOS_DEPLOYMENT_TARGET = 11.3;
				MTL_ENABLE_DEBUG_INFO = NO;
				SDKROOT = iphoneos;
				SWIFT_COMPILATION_MODE = wholemodule;
				SWIFT_OPTIMIZATION_LEVEL = "-O";
				VALIDATE_PRODUCT = YES;
			};
			name = Release;
		};
		848E335A20A9D627003E82C6 /* Debug */ = {
			isa = XCBuildConfiguration;
			buildSettings = {
				ASSETCATALOG_COMPILER_APPICON_NAME = AppIcon;
				CODE_SIGN_STYLE = Automatic;
				INFOPLIST_FILE = DishwasherApp/Info.plist;
				LD_RUNPATH_SEARCH_PATHS = (
					"$(inherited)",
					"@executable_path/Frameworks",
				);
				PRODUCT_BUNDLE_IDENTIFIER = Admin.DishwasherApp;
				PRODUCT_NAME = "$(TARGET_NAME)";
				SWIFT_VERSION = 4.0;
				TARGETED_DEVICE_FAMILY = "1,2";
			};
			name = Debug;
		};
		848E335B20A9D627003E82C6 /* Release */ = {
			isa = XCBuildConfiguration;
			buildSettings = {
				ASSETCATALOG_COMPILER_APPICON_NAME = AppIcon;
				CODE_SIGN_STYLE = Automatic;
				INFOPLIST_FILE = DishwasherApp/Info.plist;
				LD_RUNPATH_SEARCH_PATHS = (
					"$(inherited)",
					"@executable_path/Frameworks",
				);
				PRODUCT_BUNDLE_IDENTIFIER = Admin.DishwasherApp;
				PRODUCT_NAME = "$(TARGET_NAME)";
				SWIFT_VERSION = 4.0;
				TARGETED_DEVICE_FAMILY = "1,2";
			};
			name = Release;
		};
		848E335D20A9D627003E82C6 /* Debug */ = {
			isa = XCBuildConfiguration;
			buildSettings = {
				ALWAYS_EMBED_SWIFT_STANDARD_LIBRARIES = YES;
				BUNDLE_LOADER = "$(TEST_HOST)";
				CODE_SIGN_STYLE = Automatic;
				INFOPLIST_FILE = DishwasherAppTests/Info.plist;
				LD_RUNPATH_SEARCH_PATHS = (
					"$(inherited)",
					"@executable_path/Frameworks",
					"@loader_path/Frameworks",
				);
				PRODUCT_BUNDLE_IDENTIFIER = Admin.DishwasherAppTests;
				PRODUCT_NAME = "$(TARGET_NAME)";
				SWIFT_VERSION = 4.0;
				TARGETED_DEVICE_FAMILY = "1,2";
				TEST_HOST = "$(BUILT_PRODUCTS_DIR)/DishwasherApp.app/DishwasherApp";
			};
			name = Debug;
		};
		848E335E20A9D627003E82C6 /* Release */ = {
			isa = XCBuildConfiguration;
			buildSettings = {
				ALWAYS_EMBED_SWIFT_STANDARD_LIBRARIES = YES;
				BUNDLE_LOADER = "$(TEST_HOST)";
				CODE_SIGN_STYLE = Automatic;
				INFOPLIST_FILE = DishwasherAppTests/Info.plist;
				LD_RUNPATH_SEARCH_PATHS = (
					"$(inherited)",
					"@executable_path/Frameworks",
					"@loader_path/Frameworks",
				);
				PRODUCT_BUNDLE_IDENTIFIER = Admin.DishwasherAppTests;
				PRODUCT_NAME = "$(TARGET_NAME)";
				SWIFT_VERSION = 4.0;
				TARGETED_DEVICE_FAMILY = "1,2";
				TEST_HOST = "$(BUILT_PRODUCTS_DIR)/DishwasherApp.app/DishwasherApp";
			};
			name = Release;
		};
		848E336020A9D627003E82C6 /* Debug */ = {
			isa = XCBuildConfiguration;
			buildSettings = {
				ALWAYS_EMBED_SWIFT_STANDARD_LIBRARIES = YES;
				CODE_SIGN_STYLE = Automatic;
				INFOPLIST_FILE = DishwasherAppUITests/Info.plist;
				LD_RUNPATH_SEARCH_PATHS = (
					"$(inherited)",
					"@executable_path/Frameworks",
					"@loader_path/Frameworks",
				);
				PRODUCT_BUNDLE_IDENTIFIER = Admin.DishwasherAppUITests;
				PRODUCT_NAME = "$(TARGET_NAME)";
				SWIFT_VERSION = 4.0;
				TARGETED_DEVICE_FAMILY = "1,2";
				TEST_TARGET_NAME = DishwasherApp;
			};
			name = Debug;
		};
		848E336120A9D627003E82C6 /* Release */ = {
			isa = XCBuildConfiguration;
			buildSettings = {
				ALWAYS_EMBED_SWIFT_STANDARD_LIBRARIES = YES;
				CODE_SIGN_STYLE = Automatic;
				INFOPLIST_FILE = DishwasherAppUITests/Info.plist;
				LD_RUNPATH_SEARCH_PATHS = (
					"$(inherited)",
					"@executable_path/Frameworks",
					"@loader_path/Frameworks",
				);
				PRODUCT_BUNDLE_IDENTIFIER = Admin.DishwasherAppUITests;
				PRODUCT_NAME = "$(TARGET_NAME)";
				SWIFT_VERSION = 4.0;
				TARGETED_DEVICE_FAMILY = "1,2";
				TEST_TARGET_NAME = DishwasherApp;
			};
			name = Release;
		};
/* End XCBuildConfiguration section */

/* Begin XCConfigurationList section */
		848E332920A9D626003E82C6 /* Build configuration list for PBXProject "DishwasherApp" */ = {
			isa = XCConfigurationList;
			buildConfigurations = (
				848E335720A9D627003E82C6 /* Debug */,
				848E335820A9D627003E82C6 /* Release */,
			);
			defaultConfigurationIsVisible = 0;
			defaultConfigurationName = Release;
		};
		848E335920A9D627003E82C6 /* Build configuration list for PBXNativeTarget "DishwasherApp" */ = {
			isa = XCConfigurationList;
			buildConfigurations = (
				848E335A20A9D627003E82C6 /* Debug */,
				848E335B20A9D627003E82C6 /* Release */,
			);
			defaultConfigurationIsVisible = 0;
			defaultConfigurationName = Release;
		};
		848E335C20A9D627003E82C6 /* Build configuration list for PBXNativeTarget "DishwasherAppTests" */ = {
			isa = XCConfigurationList;
			buildConfigurations = (
				848E335D20A9D627003E82C6 /* Debug */,
				848E335E20A9D627003E82C6 /* Release */,
			);
			defaultConfigurationIsVisible = 0;
			defaultConfigurationName = Release;
		};
		848E335F20A9D627003E82C6 /* Build configuration list for PBXNativeTarget "DishwasherAppUITests" */ = {
			isa = XCConfigurationList;
			buildConfigurations = (
				848E336020A9D627003E82C6 /* Debug */,
				848E336120A9D627003E82C6 /* Release */,
			);
			defaultConfigurationIsVisible = 0;
			defaultConfigurationName = Release;
		};
/* End XCConfigurationList section */

/* Begin XCVersionGroup section */
		848E333820A9D626003E82C6 /* DishwasherApp.xcdatamodeld */ = {
			isa = XCVersionGroup;
			children = (
				848E333920A9D626003E82C6 /* DishwasherApp.xcdatamodel */,
			);
			currentVersion = 848E333920A9D626003E82C6 /* DishwasherApp.xcdatamodel */;
			path = DishwasherApp.xcdatamodeld;
			sourceTree = "<group>";
			versionGroupType = wrapper.xcdatamodel;
		};
/* End XCVersionGroup section */
	};
	rootObject = 848E332620A9D626003E82C6 /* Project object */;
}
